
Microsoft Visual Studio Solution File, Format Version 12.00
# Visual Studio Version 17
VisualStudioVersion = 17.5.33516.290
MinimumVisualStudioVersion = 10.0.40219.1
Project("{FAE04EC0-301F-11D3-BF4B-00C04F79EFBC}") = "FinalDemo", "FinalDemo\FinalDemo.csproj", "{9D84587C-7AA9-4CEA-9220-F60CF3BA3139}"
EndProject
Global
	GlobalSection(SolutionConfigurationPlatforms) = preSolution
		Debug|Any CPU = Debug|Any CPU
		Release|Any CPU = Release|Any CPU
	EndGlobalSection
	GlobalSection(ProjectConfigurationPlatforms) = postSolution
		{9D84587C-7AA9-4CEA-9220-F60CF3BA3139}.Debug|Any CPU.ActiveCfg = Debug|Any CPU
		{9D84587C-7AA9-4CEA-9220-F60CF3BA3139}.Debug|Any CPU.Build.0 = Debug|Any CPU
		{9D84587C-7AA9-4CEA-9220-F60CF3BA3139}.Release|Any CPU.ActiveCfg = Release|Any CPU
		{9D84587C-7AA9-4CEA-9220-F60CF3BA3139}.Release|Any CPU.Build.0 = Release|Any CPU
	EndGlobalSection
	GlobalSection(SolutionProperties) = preSolution
		HideSolutionNode = FALSE
	EndGlobalSection
	GlobalSection(ExtensibilityGlobals) = postSolution
		SolutionGuid = {4066331E-C7EC-4A36-A215-B74548623118}
	EndGlobalSection
EndGlobal
