
Microsoft Visual Studio Solution File, Format Version 12.00
# Visual Studio Version 17
VisualStudioVersion = 17.12.35527.113 d17.12
MinimumVisualStudioVersion = 10.0.40219.1
Project("{FAE04EC0-301F-11D3-BF4B-00C04F79EFBC}") = "BasicWebAPISimpleIntro", "WebApplication1\BasicWebAPISimpleIntro.csproj", "{CCDDCD44-9EA4-4564-A042-938ED1A969FD}"
EndProject
Global
	GlobalSection(SolutionConfigurationPlatforms) = preSolution
		Debug|Any CPU = Debug|Any CPU
		Release|Any CPU = Release|Any CPU
	EndGlobalSection
	GlobalSection(ProjectConfigurationPlatforms) = postSolution
		{CCDDCD44-9EA4-4564-A042-938ED1A969FD}.Debug|Any CPU.ActiveCfg = Debug|Any CPU
		{CCDDCD44-9EA4-4564-A042-938ED1A969FD}.Debug|Any CPU.Build.0 = Debug|Any CPU
		{CCDDCD44-9EA4-4564-A042-938ED1A969FD}.Release|Any CPU.ActiveCfg = Release|Any CPU
		{CCDDCD44-9EA4-4564-A042-938ED1A969FD}.Release|Any CPU.Build.0 = Release|Any CPU
	EndGlobalSection
	GlobalSection(SolutionProperties) = preSolution
		HideSolutionNode = FALSE
	EndGlobalSection
EndGlobal
