
Microsoft Visual Studio Solution File, Format Version 12.00
# Visual Studio Version 17
VisualStudioVersion = 17.5.33516.290
MinimumVisualStudioVersion = 10.0.40219.1
Project("{FAE04EC0-301F-11D3-BF4B-00C04F79EFBC}") = "BasicOfDevExtreme", "DevExtreme\BasicOfDevExtreme.csproj", "{315B5BCD-D75B-40A5-8FEF-6124EE5BC97C}"
EndProject
Project("{FAE04EC0-301F-11D3-BF4B-00C04F79EFBC}") = "EditorOverview", "EditorOverview\EditorOverview.csproj", "{36DC36CB-453B-4C4B-B81D-E8F948D90F69}"
EndProject
Project("{FAE04EC0-301F-11D3-BF4B-00C04F79EFBC}") = "DataLayer", "DataLayer\DataLayer.csproj", "{D4C47519-8751-4AAD-9B97-DEAEC91DDDFB}"
EndProject
Project("{FAE04EC0-301F-11D3-BF4B-00C04F79EFBC}") = "DataGrid", "DataGrid\DataGrid.csproj", "{D21CAFED-8375-4C77-A217-3D9DEEC65A13}"
EndProject
Project("{FAE04EC0-301F-11D3-BF4B-00C04F79EFBC}") = "Navigation", "Navigation\Navigation.csproj", "{1C4E06B6-35E3-4D2F-88C5-D2CB65FC4CC9}"
EndProject
Global
	GlobalSection(SolutionConfigurationPlatforms) = preSolution
		Debug|Any CPU = Debug|Any CPU
		Release|Any CPU = Release|Any CPU
	EndGlobalSection
	GlobalSection(ProjectConfigurationPlatforms) = postSolution
		{315B5BCD-D75B-40A5-8FEF-6124EE5BC97C}.Debug|Any CPU.ActiveCfg = Debug|Any CPU
		{315B5BCD-D75B-40A5-8FEF-6124EE5BC97C}.Debug|Any CPU.Build.0 = Debug|Any CPU
		{315B5BCD-D75B-40A5-8FEF-6124EE5BC97C}.Release|Any CPU.ActiveCfg = Release|Any CPU
		{315B5BCD-D75B-40A5-8FEF-6124EE5BC97C}.Release|Any CPU.Build.0 = Release|Any CPU
		{36DC36CB-453B-4C4B-B81D-E8F948D90F69}.Debug|Any CPU.ActiveCfg = Debug|Any CPU
		{36DC36CB-453B-4C4B-B81D-E8F948D90F69}.Debug|Any CPU.Build.0 = Debug|Any CPU
		{36DC36CB-453B-4C4B-B81D-E8F948D90F69}.Release|Any CPU.ActiveCfg = Release|Any CPU
		{36DC36CB-453B-4C4B-B81D-E8F948D90F69}.Release|Any CPU.Build.0 = Release|Any CPU
		{D4C47519-8751-4AAD-9B97-DEAEC91DDDFB}.Debug|Any CPU.ActiveCfg = Debug|Any CPU
		{D4C47519-8751-4AAD-9B97-DEAEC91DDDFB}.Debug|Any CPU.Build.0 = Debug|Any CPU
		{D4C47519-8751-4AAD-9B97-DEAEC91DDDFB}.Release|Any CPU.ActiveCfg = Release|Any CPU
		{D4C47519-8751-4AAD-9B97-DEAEC91DDDFB}.Release|Any CPU.Build.0 = Release|Any CPU
		{D21CAFED-8375-4C77-A217-3D9DEEC65A13}.Debug|Any CPU.ActiveCfg = Debug|Any CPU
		{D21CAFED-8375-4C77-A217-3D9DEEC65A13}.Debug|Any CPU.Build.0 = Debug|Any CPU
		{D21CAFED-8375-4C77-A217-3D9DEEC65A13}.Release|Any CPU.ActiveCfg = Release|Any CPU
		{D21CAFED-8375-4C77-A217-3D9DEEC65A13}.Release|Any CPU.Build.0 = Release|Any CPU
		{1C4E06B6-35E3-4D2F-88C5-D2CB65FC4CC9}.Debug|Any CPU.ActiveCfg = Debug|Any CPU
		{1C4E06B6-35E3-4D2F-88C5-D2CB65FC4CC9}.Debug|Any CPU.Build.0 = Debug|Any CPU
		{1C4E06B6-35E3-4D2F-88C5-D2CB65FC4CC9}.Release|Any CPU.ActiveCfg = Release|Any CPU
		{1C4E06B6-35E3-4D2F-88C5-D2CB65FC4CC9}.Release|Any CPU.Build.0 = Release|Any CPU
	EndGlobalSection
	GlobalSection(SolutionProperties) = preSolution
		HideSolutionNode = FALSE
	EndGlobalSection
	GlobalSection(ExtensibilityGlobals) = postSolution
		SolutionGuid = {1747C49A-C63C-4722-974C-B365DE2F484B}
	EndGlobalSection
EndGlobal
