
Microsoft Visual Studio Solution File, Format Version 12.00
# Visual Studio Version 17
VisualStudioVersion = 17.5.33516.290
MinimumVisualStudioVersion = 10.0.40219.1
Project("{FAE04EC0-301F-11D3-BF4B-00C04F79EFBC}") = "FinalDemo", "FinalDemo\FinalDemo.csproj", "{1F3656B2-C09D-42CE-873F-115F51D745DC}"
EndProject
Global
	GlobalSection(SolutionConfigurationPlatforms) = preSolution
		Debug|Any CPU = Debug|Any CPU
		Release|Any CPU = Release|Any CPU
	EndGlobalSection
	GlobalSection(ProjectConfigurationPlatforms) = postSolution
		{1F3656B2-C09D-42CE-873F-115F51D745DC}.Debug|Any CPU.ActiveCfg = Debug|Any CPU
		{1F3656B2-C09D-42CE-873F-115F51D745DC}.Debug|Any CPU.Build.0 = Debug|Any CPU
		{1F3656B2-C09D-42CE-873F-115F51D745DC}.Release|Any CPU.ActiveCfg = Release|Any CPU
		{1F3656B2-C09D-42CE-873F-115F51D745DC}.Release|Any CPU.Build.0 = Release|Any CPU
	EndGlobalSection
	GlobalSection(SolutionProperties) = preSolution
		HideSolutionNode = FALSE
	EndGlobalSection
	GlobalSection(ExtensibilityGlobals) = postSolution
		SolutionGuid = {A046421E-20F7-47FD-BA37-D8FB756B87D5}
	EndGlobalSection
EndGlobal
