
Microsoft Visual Studio Solution File, Format Version 12.00
# Visual Studio Version 17
VisualStudioVersion = 17.5.33516.290
MinimumVisualStudioVersion = 10.0.40219.1
Project("{FAE04EC0-301F-11D3-BF4B-00C04F79EFBC}") = "Practice", "Practice\Practice.csproj", "{BE6098E6-2F35-4B42-9196-AAC8BF5FEFEB}"
EndProject
Global
	GlobalSection(SolutionConfigurationPlatforms) = preSolution
		Debug|Any CPU = Debug|Any CPU
		Release|Any CPU = Release|Any CPU
	EndGlobalSection
	GlobalSection(ProjectConfigurationPlatforms) = postSolution
		{BE6098E6-2F35-4B42-9196-AAC8BF5FEFEB}.Debug|Any CPU.ActiveCfg = Debug|Any CPU
		{BE6098E6-2F35-4B42-9196-AAC8BF5FEFEB}.Debug|Any CPU.Build.0 = Debug|Any CPU
		{BE6098E6-2F35-4B42-9196-AAC8BF5FEFEB}.Release|Any CPU.ActiveCfg = Release|Any CPU
		{BE6098E6-2F35-4B42-9196-AAC8BF5FEFEB}.Release|Any CPU.Build.0 = Release|Any CPU
	EndGlobalSection
	GlobalSection(SolutionProperties) = preSolution
		HideSolutionNode = FALSE
	EndGlobalSection
	GlobalSection(ExtensibilityGlobals) = postSolution
		SolutionGuid = {3999DB5C-CC21-4C96-B451-E0512EFB8E98}
	EndGlobalSection
EndGlobal
