
Microsoft Visual Studio Solution File, Format Version 12.00
# Visual Studio Version 17
VisualStudioVersion = 17.5.33516.290
MinimumVisualStudioVersion = 10.0.40219.1
Project("{9A19103F-16F7-4668-BE54-9A1E7A4F7556}") = "ExtensionMethodApp", "ExtensionMethodApp\ExtensionMethodApp.csproj", "{4A0F4F3F-4C5C-4555-B03C-5D49C466C0C2}"
EndProject
Global
	GlobalSection(SolutionConfigurationPlatforms) = preSolution
		Debug|Any CPU = Debug|Any CPU
		Release|Any CPU = Release|Any CPU
	EndGlobalSection
	GlobalSection(ProjectConfigurationPlatforms) = postSolution
		{4A0F4F3F-4C5C-4555-B03C-5D49C466C0C2}.Debug|Any CPU.ActiveCfg = Debug|Any CPU
		{4A0F4F3F-4C5C-4555-B03C-5D49C466C0C2}.Debug|Any CPU.Build.0 = Debug|Any CPU
		{4A0F4F3F-4C5C-4555-B03C-5D49C466C0C2}.Release|Any CPU.ActiveCfg = Release|Any CPU
		{4A0F4F3F-4C5C-4555-B03C-5D49C466C0C2}.Release|Any CPU.Build.0 = Release|Any CPU
	EndGlobalSection
	GlobalSection(SolutionProperties) = preSolution
		HideSolutionNode = FALSE
	EndGlobalSection
	GlobalSection(ExtensibilityGlobals) = postSolution
		SolutionGuid = {2B08D9A1-8AF2-433C-B753-DF55A9B8BBA3}
	EndGlobalSection
EndGlobal
