
Microsoft Visual Studio Solution File, Format Version 12.00
# Visual Studio Version 17
VisualStudioVersion = 17.5.33516.290
MinimumVisualStudioVersion = 10.0.40219.1
Project("{FAE04EC0-301F-11D3-BF4B-00C04F79EFBC}") = "customMiddlewareDemo", "customMiddlewareDemo\customMiddlewareDemo.csproj", "{EDD40EF2-AEF8-4798-8775-B30F13D63070}"
EndProject
Global
	GlobalSection(SolutionConfigurationPlatforms) = preSolution
		Debug|Any CPU = Debug|Any CPU
		Release|Any CPU = Release|Any CPU
	EndGlobalSection
	GlobalSection(ProjectConfigurationPlatforms) = postSolution
		{EDD40EF2-AEF8-4798-8775-B30F13D63070}.Debug|Any CPU.ActiveCfg = Debug|Any CPU
		{EDD40EF2-AEF8-4798-8775-B30F13D63070}.Debug|Any CPU.Build.0 = Debug|Any CPU
		{EDD40EF2-AEF8-4798-8775-B30F13D63070}.Release|Any CPU.ActiveCfg = Release|Any CPU
		{EDD40EF2-AEF8-4798-8775-B30F13D63070}.Release|Any CPU.Build.0 = Release|Any CPU
	EndGlobalSection
	GlobalSection(SolutionProperties) = preSolution
		HideSolutionNode = FALSE
	EndGlobalSection
	GlobalSection(ExtensibilityGlobals) = postSolution
		SolutionGuid = {EB34093F-2EE7-46F9-951C-EC249FD37E6E}
	EndGlobalSection
EndGlobal
