
Microsoft Visual Studio Solution File, Format Version 12.00
# Visual Studio Version 17
VisualStudioVersion = 17.5.33516.290
MinimumVisualStudioVersion = 10.0.40219.1
Project("{FAE04EC0-301F-11D3-BF4B-00C04F79EFBC}") = "AuthInWebApi", "AuthInWebApi\AuthInWebApi.csproj", "{8B449A09-2D72-4C5E-995C-E8C884CA6ACE}"
EndProject
Global
	GlobalSection(SolutionConfigurationPlatforms) = preSolution
		Debug|Any CPU = Debug|Any CPU
		Release|Any CPU = Release|Any CPU
	EndGlobalSection
	GlobalSection(ProjectConfigurationPlatforms) = postSolution
		{8B449A09-2D72-4C5E-995C-E8C884CA6ACE}.Debug|Any CPU.ActiveCfg = Debug|Any CPU
		{8B449A09-2D72-4C5E-995C-E8C884CA6ACE}.Debug|Any CPU.Build.0 = Debug|Any CPU
		{8B449A09-2D72-4C5E-995C-E8C884CA6ACE}.Release|Any CPU.ActiveCfg = Release|Any CPU
		{8B449A09-2D72-4C5E-995C-E8C884CA6ACE}.Release|Any CPU.Build.0 = Release|Any CPU
	EndGlobalSection
	GlobalSection(SolutionProperties) = preSolution
		HideSolutionNode = FALSE
	EndGlobalSection
	GlobalSection(ExtensibilityGlobals) = postSolution
		SolutionGuid = {AE55AC95-9DF7-4507-8E19-CC7CA1A7E202}
	EndGlobalSection
EndGlobal
