
Microsoft Visual Studio Solution File, Format Version 12.00
# Visual Studio Version 17
VisualStudioVersion = 17.12.35527.113 d17.12
MinimumVisualStudioVersion = 10.0.40219.1
Project("{FAE04EC0-301F-11D3-BF4B-00C04F79EFBC}") = "basic_Api_Phase_1", "basic_Api_Phase_1.csproj", "{F51BFF2B-A361-42A1-B20D-0572365EEBA6}"
EndProject
Global
	GlobalSection(SolutionConfigurationPlatforms) = preSolution
		Debug|Any CPU = Debug|Any CPU
		Release|Any CPU = Release|Any CPU
	EndGlobalSection
	GlobalSection(ProjectConfigurationPlatforms) = postSolution
		{F51BFF2B-A361-42A1-B20D-0572365EEBA6}.Debug|Any CPU.ActiveCfg = Debug|Any CPU
		{F51BFF2B-A361-42A1-B20D-0572365EEBA6}.Debug|Any CPU.Build.0 = Debug|Any CPU
		{F51BFF2B-A361-42A1-B20D-0572365EEBA6}.Release|Any CPU.ActiveCfg = Release|Any CPU
		{F51BFF2B-A361-42A1-B20D-0572365EEBA6}.Release|Any CPU.Build.0 = Release|Any CPU
	EndGlobalSection
	GlobalSection(SolutionProperties) = preSolution
		HideSolutionNode = FALSE
	EndGlobalSection
EndGlobal
